
Microsoft Visual Studio Solution File, Format Version 12.00
# Visual Studio Version 17
VisualStudioVersion = 17.9.34616.47
MinimumVisualStudioVersion = 10.0.40219.1
Project("{FAE04EC0-301F-11D3-BF4B-00C04F79EFBC}") = "SudokuAPI", "SudokuAPI\SudokuAPI.csproj", "{514D918B-25B7-48CE-B97C-8EA53BA8F0B0}"
EndProject
Project("{FAE04EC0-301F-11D3-BF4B-00C04F79EFBC}") = "SudokuAPI.Data", "SudokuAPI.Data\SudokuAPI.Data.csproj", "{B9D76374-B08F-47AC-A23B-38B3EBCE7A5B}"
EndProject
Global
	GlobalSection(SolutionConfigurationPlatforms) = preSolution
		Debug|Any CPU = Debug|Any CPU
		Release|Any CPU = Release|Any CPU
	EndGlobalSection
	GlobalSection(ProjectConfigurationPlatforms) = postSolution
		{514D918B-25B7-48CE-B97C-8EA53BA8F0B0}.Debug|Any CPU.ActiveCfg = Debug|Any CPU
		{514D918B-25B7-48CE-B97C-8EA53BA8F0B0}.Debug|Any CPU.Build.0 = Debug|Any CPU
		{514D918B-25B7-48CE-B97C-8EA53BA8F0B0}.Release|Any CPU.ActiveCfg = Release|Any CPU
		{514D918B-25B7-48CE-B97C-8EA53BA8F0B0}.Release|Any CPU.Build.0 = Release|Any CPU
		{B9D76374-B08F-47AC-A23B-38B3EBCE7A5B}.Debug|Any CPU.ActiveCfg = Debug|Any CPU
		{B9D76374-B08F-47AC-A23B-38B3EBCE7A5B}.Debug|Any CPU.Build.0 = Debug|Any CPU
		{B9D76374-B08F-47AC-A23B-38B3EBCE7A5B}.Release|Any CPU.ActiveCfg = Release|Any CPU
		{B9D76374-B08F-47AC-A23B-38B3EBCE7A5B}.Release|Any CPU.Build.0 = Release|Any CPU
	EndGlobalSection
	GlobalSection(SolutionProperties) = preSolution
		HideSolutionNode = FALSE
	EndGlobalSection
	GlobalSection(ExtensibilityGlobals) = postSolution
		SolutionGuid = {01FE15F9-63B5-4DCA-9179-2C27C8AAF1F5}
	EndGlobalSection
EndGlobal
